
Microsoft Visual Studio Solution File, Format Version 12.00
# Visual Studio Version 17
VisualStudioVersion = 17.8.34330.188
MinimumVisualStudioVersion = 10.0.40219.1
Project("{FAE04EC0-301F-11D3-BF4B-00C04F79EFBC}") = "Reloj001", "Reloj001\Reloj001.csproj", "{B9BDF136-7EC7-4108-ACCA-B7B1FF0868D0}"
EndProject
Global
	GlobalSection(SolutionConfigurationPlatforms) = preSolution
		Debug|Any CPU = Debug|Any CPU
		Release|Any CPU = Release|Any CPU
	EndGlobalSection
	GlobalSection(ProjectConfigurationPlatforms) = postSolution
		{B9BDF136-7EC7-4108-ACCA-B7B1FF0868D0}.Debug|Any CPU.ActiveCfg = Debug|Any CPU
		{B9BDF136-7EC7-4108-ACCA-B7B1FF0868D0}.Debug|Any CPU.Build.0 = Debug|Any CPU
		{B9BDF136-7EC7-4108-ACCA-B7B1FF0868D0}.Release|Any CPU.ActiveCfg = Release|Any CPU
		{B9BDF136-7EC7-4108-ACCA-B7B1FF0868D0}.Release|Any CPU.Build.0 = Release|Any CPU
	EndGlobalSection
	GlobalSection(SolutionProperties) = preSolution
		HideSolutionNode = FALSE
	EndGlobalSection
	GlobalSection(ExtensibilityGlobals) = postSolution
		SolutionGuid = {AC8338F4-9828-46F8-BD91-6AC241DC3DCD}
	EndGlobalSection
EndGlobal
