
Microsoft Visual Studio Solution File, Format Version 12.00
# Visual Studio Version 17
VisualStudioVersion = 17.8.34330.188
MinimumVisualStudioVersion = 10.0.40219.1
Project("{FAE04EC0-301F-11D3-BF4B-00C04F79EFBC}") = "Lava002", "Lava002\Lava002.csproj", "{E88D80F9-0F76-4F61-A528-24C1FD9FC145}"
EndProject
Global
	GlobalSection(SolutionConfigurationPlatforms) = preSolution
		Debug|Any CPU = Debug|Any CPU
		Release|Any CPU = Release|Any CPU
	EndGlobalSection
	GlobalSection(ProjectConfigurationPlatforms) = postSolution
		{E88D80F9-0F76-4F61-A528-24C1FD9FC145}.Debug|Any CPU.ActiveCfg = Debug|Any CPU
		{E88D80F9-0F76-4F61-A528-24C1FD9FC145}.Debug|Any CPU.Build.0 = Debug|Any CPU
		{E88D80F9-0F76-4F61-A528-24C1FD9FC145}.Release|Any CPU.ActiveCfg = Release|Any CPU
		{E88D80F9-0F76-4F61-A528-24C1FD9FC145}.Release|Any CPU.Build.0 = Release|Any CPU
	EndGlobalSection
	GlobalSection(SolutionProperties) = preSolution
		HideSolutionNode = FALSE
	EndGlobalSection
	GlobalSection(ExtensibilityGlobals) = postSolution
		SolutionGuid = {370046D9-9119-41C3-ABBD-A2DFF8B00AB8}
	EndGlobalSection
EndGlobal
