
Microsoft Visual Studio Solution File, Format Version 12.00
# Visual Studio Version 17
VisualStudioVersion = 17.8.34330.188
MinimumVisualStudioVersion = 10.0.40219.1
Project("{FAE04EC0-301F-11D3-BF4B-00C04F79EFBC}") = "reloj", "reloj\reloj.csproj", "{1C9A64EE-C0D0-4331-BF03-6952138CAD90}"
EndProject
Global
	GlobalSection(SolutionConfigurationPlatforms) = preSolution
		Debug|Any CPU = Debug|Any CPU
		Release|Any CPU = Release|Any CPU
	EndGlobalSection
	GlobalSection(ProjectConfigurationPlatforms) = postSolution
		{1C9A64EE-C0D0-4331-BF03-6952138CAD90}.Debug|Any CPU.ActiveCfg = Debug|Any CPU
		{1C9A64EE-C0D0-4331-BF03-6952138CAD90}.Debug|Any CPU.Build.0 = Debug|Any CPU
		{1C9A64EE-C0D0-4331-BF03-6952138CAD90}.Release|Any CPU.ActiveCfg = Release|Any CPU
		{1C9A64EE-C0D0-4331-BF03-6952138CAD90}.Release|Any CPU.Build.0 = Release|Any CPU
	EndGlobalSection
	GlobalSection(SolutionProperties) = preSolution
		HideSolutionNode = FALSE
	EndGlobalSection
	GlobalSection(ExtensibilityGlobals) = postSolution
		SolutionGuid = {C175179C-A874-42EC-8CC2-2852517CC3F8}
	EndGlobalSection
EndGlobal
